
Microsoft Visual Studio Solution File, Format Version 12.00
# Visual Studio Version 16
VisualStudioVersion = 16.0.33529.622
MinimumVisualStudioVersion = 10.0.40219.1
Project("{FAE04EC0-301F-11D3-BF4B-00C04F79EFBC}") = "WindowsFormsApp3", "WindowsFormsApp3\WindowsFormsApp3.csproj", "{2CA1C1CA-2863-4B77-A982-E47E512E64BC}"
EndProject
Global
	GlobalSection(SolutionConfigurationPlatforms) = preSolution
		Debug|Any CPU = Debug|Any CPU
		Release|Any CPU = Release|Any CPU
	EndGlobalSection
	GlobalSection(ProjectConfigurationPlatforms) = postSolution
		{2CA1C1CA-2863-4B77-A982-E47E512E64BC}.Debug|Any CPU.ActiveCfg = Debug|Any CPU
		{2CA1C1CA-2863-4B77-A982-E47E512E64BC}.Debug|Any CPU.Build.0 = Debug|Any CPU
		{2CA1C1CA-2863-4B77-A982-E47E512E64BC}.Release|Any CPU.ActiveCfg = Release|Any CPU
		{2CA1C1CA-2863-4B77-A982-E47E512E64BC}.Release|Any CPU.Build.0 = Release|Any CPU
	EndGlobalSection
	GlobalSection(SolutionProperties) = preSolution
		HideSolutionNode = FALSE
	EndGlobalSection
	GlobalSection(ExtensibilityGlobals) = postSolution
		SolutionGuid = {2EB902B8-C418-4E70-A7AC-9D850EEC958F}
	EndGlobalSection
EndGlobal
